
Microsoft Visual Studio Solution File, Format Version 12.00
# Visual Studio Express 14 for Windows Desktop
VisualStudioVersion = 14.0.25420.1
MinimumVisualStudioVersion = 10.0.40219.1
Project("{8BC9CEB8-8B4A-11D0-8D11-00A0C91BC942}") = "immujson", "src\immujson\immujson.vcxproj", "{1DBBBAD5-8C68-4187-818B-9A09A449A166}"
EndProject
Project("{8BC9CEB8-8B4A-11D0-8D11-00A0C91BC942}") = "tests", "src\tests\tests.vcxproj", "{48756FAF-8545-4AF9-8827-3B324B99F579}"
EndProject
Project("{8BC9CEB8-8B4A-11D0-8D11-00A0C91BC942}") = "validator", "src\validator\validator.vcxproj", "{B31C988F-2086-44C1-9391-43A53CDA762A}"
EndProject
Project("{8BC9CEB8-8B4A-11D0-8D11-00A0C91BC942}") = "jsonpack", "src\jsonpack\jsonpack.vcxproj", "{C04A5733-D36C-48C5-A79C-AF150761E349}"
EndProject
Project("{8BC9CEB8-8B4A-11D0-8D11-00A0C91BC942}") = "jsonunpack", "src\jsonunpack\jsonunpack.vcxproj", "{BCB210B9-DE18-4115-90C1-1E9B926BDA85}"
EndProject
Global
	GlobalSection(SolutionConfigurationPlatforms) = preSolution
		Debug|x64 = Debug|x64
		Debug|x86 = Debug|x86
		Release|x64 = Release|x64
		Release|x86 = Release|x86
	EndGlobalSection
	GlobalSection(ProjectConfigurationPlatforms) = postSolution
		{1DBBBAD5-8C68-4187-818B-9A09A449A166}.Debug|x64.ActiveCfg = Debug|x64
		{1DBBBAD5-8C68-4187-818B-9A09A449A166}.Debug|x64.Build.0 = Debug|x64
		{1DBBBAD5-8C68-4187-818B-9A09A449A166}.Debug|x86.ActiveCfg = Debug|Win32
		{1DBBBAD5-8C68-4187-818B-9A09A449A166}.Debug|x86.Build.0 = Debug|Win32
		{1DBBBAD5-8C68-4187-818B-9A09A449A166}.Release|x64.ActiveCfg = Release|x64
		{1DBBBAD5-8C68-4187-818B-9A09A449A166}.Release|x64.Build.0 = Release|x64
		{1DBBBAD5-8C68-4187-818B-9A09A449A166}.Release|x86.ActiveCfg = Release|Win32
		{1DBBBAD5-8C68-4187-818B-9A09A449A166}.Release|x86.Build.0 = Release|Win32
		{48756FAF-8545-4AF9-8827-3B324B99F579}.Debug|x64.ActiveCfg = Debug|x64
		{48756FAF-8545-4AF9-8827-3B324B99F579}.Debug|x64.Build.0 = Debug|x64
		{48756FAF-8545-4AF9-8827-3B324B99F579}.Debug|x86.ActiveCfg = Debug|Win32
		{48756FAF-8545-4AF9-8827-3B324B99F579}.Debug|x86.Build.0 = Debug|Win32
		{48756FAF-8545-4AF9-8827-3B324B99F579}.Release|x64.ActiveCfg = Release|x64
		{48756FAF-8545-4AF9-8827-3B324B99F579}.Release|x64.Build.0 = Release|x64
		{48756FAF-8545-4AF9-8827-3B324B99F579}.Release|x86.ActiveCfg = Release|Win32
		{48756FAF-8545-4AF9-8827-3B324B99F579}.Release|x86.Build.0 = Release|Win32
		{B31C988F-2086-44C1-9391-43A53CDA762A}.Debug|x64.ActiveCfg = Debug|x64
		{B31C988F-2086-44C1-9391-43A53CDA762A}.Debug|x64.Build.0 = Debug|x64
		{B31C988F-2086-44C1-9391-43A53CDA762A}.Debug|x86.ActiveCfg = Debug|Win32
		{B31C988F-2086-44C1-9391-43A53CDA762A}.Debug|x86.Build.0 = Debug|Win32
		{B31C988F-2086-44C1-9391-43A53CDA762A}.Release|x64.ActiveCfg = Release|x64
		{B31C988F-2086-44C1-9391-43A53CDA762A}.Release|x64.Build.0 = Release|x64
		{B31C988F-2086-44C1-9391-43A53CDA762A}.Release|x86.ActiveCfg = Release|Win32
		{B31C988F-2086-44C1-9391-43A53CDA762A}.Release|x86.Build.0 = Release|Win32
		{C04A5733-D36C-48C5-A79C-AF150761E349}.Debug|x64.ActiveCfg = Debug|x64
		{C04A5733-D36C-48C5-A79C-AF150761E349}.Debug|x64.Build.0 = Debug|x64
		{C04A5733-D36C-48C5-A79C-AF150761E349}.Debug|x86.ActiveCfg = Debug|Win32
		{C04A5733-D36C-48C5-A79C-AF150761E349}.Debug|x86.Build.0 = Debug|Win32
		{C04A5733-D36C-48C5-A79C-AF150761E349}.Release|x64.ActiveCfg = Release|x64
		{C04A5733-D36C-48C5-A79C-AF150761E349}.Release|x64.Build.0 = Release|x64
		{C04A5733-D36C-48C5-A79C-AF150761E349}.Release|x86.ActiveCfg = Release|Win32
		{C04A5733-D36C-48C5-A79C-AF150761E349}.Release|x86.Build.0 = Release|Win32
		{BCB210B9-DE18-4115-90C1-1E9B926BDA85}.Debug|x64.ActiveCfg = Debug|x64
		{BCB210B9-DE18-4115-90C1-1E9B926BDA85}.Debug|x64.Build.0 = Debug|x64
		{BCB210B9-DE18-4115-90C1-1E9B926BDA85}.Debug|x86.ActiveCfg = Debug|Win32
		{BCB210B9-DE18-4115-90C1-1E9B926BDA85}.Debug|x86.Build.0 = Debug|Win32
		{BCB210B9-DE18-4115-90C1-1E9B926BDA85}.Release|x64.ActiveCfg = Release|x64
		{BCB210B9-DE18-4115-90C1-1E9B926BDA85}.Release|x64.Build.0 = Release|x64
		{BCB210B9-DE18-4115-90C1-1E9B926BDA85}.Release|x86.ActiveCfg = Release|Win32
		{BCB210B9-DE18-4115-90C1-1E9B926BDA85}.Release|x86.Build.0 = Release|Win32
	EndGlobalSection
	GlobalSection(SolutionProperties) = preSolution
		HideSolutionNode = FALSE
	EndGlobalSection
EndGlobal
